// !$*UTF8*$!
{
	archiveVersion = 1;
	classes = {
	};
	objectVersion = 46;
	objects = {

/* Begin PBXBuildFile section */
		6537A6111A81C77300ADFDBB /* AppDelegate.swift in Sources */ = {isa = PBXBuildFile; fileRef = 6537A6101A81C77300ADFDBB /* AppDelegate.swift */; };
		6537A6131A81C77300ADFDBB /* ViewController.swift in Sources */ = {isa = PBXBuildFile; fileRef = 6537A6121A81C77300ADFDBB /* ViewController.swift */; };
		6537A6161A81C77300ADFDBB /* Main.storyboard in Resources */ = {isa = PBXBuildFile; fileRef = 6537A6141A81C77300ADFDBB /* Main.storyboard */; };
		6537A6181A81C77300ADFDBB /* Images.xcassets in Resources */ = {isa = PBXBuildFile; fileRef = 6537A6171A81C77300ADFDBB /* Images.xcassets */; };
		6537A61B1A81C77300ADFDBB /* LaunchScreen.xib in Resources */ = {isa = PBXBuildFile; fileRef = 6537A6191A81C77300ADFDBB /* LaunchScreen.xib */; };
		6537A6271A81C77300ADFDBB /* DogYearsConverterTests.swift in Sources */ = {isa = PBXBuildFile; fileRef = 6537A6261A81C77300ADFDBB /* DogYearsConverterTests.swift */; };
		6537A6311A81C82D00ADFDBB /* AgeOfLaika.jpg in Resources */ = {isa = PBXBuildFile; fileRef = 6537A6301A81C82D00ADFDBB /* AgeOfLaika.jpg */; };
/* End PBXBuildFile section */

/* Begin PBXContainerItemProxy section */
		6537A6211A81C77300ADFDBB /* PBXContainerItemProxy */ = {
			isa = PBXContainerItemProxy;
			containerPortal = 6537A6031A81C77300ADFDBB /* Project object */;
			proxyType = 1;
			remoteGlobalIDString = 6537A60A1A81C77300ADFDBB;
			remoteInfo = DogYearsConverter;
		};
/* End PBXContainerItemProxy section */

/* Begin PBXFileReference section */
		6537A60B1A81C77300ADFDBB /* DogYearsConverter.app */ = {isa = PBXFileReference; explicitFileType = wrapper.application; includeInIndex = 0; path = DogYearsConverter.app; sourceTree = BUILT_PRODUCTS_DIR; };
		6537A60F1A81C77300ADFDBB /* Info.plist */ = {isa = PBXFileReference; lastKnownFileType = text.plist.xml; path = Info.plist; sourceTree = "<group>"; };
		6537A6101A81C77300ADFDBB /* AppDelegate.swift */ = {isa = PBXFileReference; lastKnownFileType = sourcecode.swift; path = AppDelegate.swift; sourceTree = "<group>"; };
		6537A6121A81C77300ADFDBB /* ViewController.swift */ = {isa = PBXFileReference; lastKnownFileType = sourcecode.swift; path = ViewController.swift; sourceTree = "<group>"; };
		6537A6151A81C77300ADFDBB /* Base */ = {isa = PBXFileReference; lastKnownFileType = file.storyboard; name = Base; path = Base.lproj/Main.storyboard; sourceTree = "<group>"; };
		6537A6171A81C77300ADFDBB /* Images.xcassets */ = {isa = PBXFileReference; lastKnownFileType = folder.assetcatalog; path = Images.xcassets; sourceTree = "<group>"; };
		6537A61A1A81C77300ADFDBB /* Base */ = {isa = PBXFileReference; lastKnownFileType = file.xib; name = Base; path = Base.lproj/LaunchScreen.xib; sourceTree = "<group>"; };
		6537A6201A81C77300ADFDBB /* DogYearsConverterTests.xctest */ = {isa = PBXFileReference; explicitFileType = wrapper.cfbundle; includeInIndex = 0; path = DogYearsConverterTests.xctest; sourceTree = BUILT_PRODUCTS_DIR; };
		6537A6251A81C77300ADFDBB /* Info.plist */ = {isa = PBXFileReference; lastKnownFileType = text.plist.xml; path = Info.plist; sourceTree = "<group>"; };
		6537A6261A81C77300ADFDBB /* DogYearsConverterTests.swift */ = {isa = PBXFileReference; lastKnownFileType = sourcecode.swift; path = DogYearsConverterTests.swift; sourceTree = "<group>"; };
		6537A6301A81C82D00ADFDBB /* AgeOfLaika.jpg */ = {isa = PBXFileReference; lastKnownFileType = image.jpeg; path = AgeOfLaika.jpg; sourceTree = "<group>"; };
/* End PBXFileReference section */

/* Begin PBXFrameworksBuildPhase section */
		6537A6081A81C77300ADFDBB /* Frameworks */ = {
			isa = PBXFrameworksBuildPhase;
			buildActionMask = 2147483647;
			files = (
			);
			runOnlyForDeploymentPostprocessing = 0;
		};
		6537A61D1A81C77300ADFDBB /* Frameworks */ = {
			isa = PBXFrameworksBuildPhase;
			buildActionMask = 2147483647;
			files = (
			);
			runOnlyForDeploymentPostprocessing = 0;
		};
/* End PBXFrameworksBuildPhase section */

/* Begin PBXGroup section */
		6537A6021A81C77300ADFDBB = {
			isa = PBXGroup;
			children = (
				6537A60D1A81C77300ADFDBB /* DogYearsConverter */,
				6537A6231A81C77300ADFDBB /* DogYearsConverterTests */,
				6537A60C1A81C77300ADFDBB /* Products */,
			);
			sourceTree = "<group>";
		};
		6537A60C1A81C77300ADFDBB /* Products */ = {
			isa = PBXGroup;
			children = (
				6537A60B1A81C77300ADFDBB /* DogYearsConverter.app */,
				6537A6201A81C77300ADFDBB /* DogYearsConverterTests.xctest */,
			);
			name = Products;
			sourceTree = "<group>";
		};
		6537A60D1A81C77300ADFDBB /* DogYearsConverter */ = {
			isa = PBXGroup;
			children = (
				6537A6101A81C77300ADFDBB /* AppDelegate.swift */,
				6537A6121A81C77300ADFDBB /* ViewController.swift */,
				6537A6141A81C77300ADFDBB /* Main.storyboard */,
				6537A6171A81C77300ADFDBB /* Images.xcassets */,
				6537A6191A81C77300ADFDBB /* LaunchScreen.xib */,
				6537A60E1A81C77300ADFDBB /* Supporting Files */,
			);
			path = DogYearsConverter;
			sourceTree = "<group>";
		};
		6537A60E1A81C77300ADFDBB /* Supporting Files */ = {
			isa = PBXGroup;
			children = (
				6537A6301A81C82D00ADFDBB /* AgeOfLaika.jpg */,
				6537A60F1A81C77300ADFDBB /* Info.plist */,
			);
			name = "Supporting Files";
			sourceTree = "<group>";
		};
		6537A6231A81C77300ADFDBB /* DogYearsConverterTests */ = {
			isa = PBXGroup;
			children = (
				6537A6261A81C77300ADFDBB /* DogYearsConverterTests.swift */,
				6537A6241A81C77300ADFDBB /* Supporting Files */,
			);
			path = DogYearsConverterTests;
			sourceTree = "<group>";
		};
		6537A6241A81C77300ADFDBB /* Supporting Files */ = {
			isa = PBXGroup;
			children = (
				6537A6251A81C77300ADFDBB /* Info.plist */,
			);
			name = "Supporting Files";
			sourceTree = "<group>";
		};
/* End PBXGroup section */

/* Begin PBXNativeTarget section */
		6537A60A1A81C77300ADFDBB /* DogYearsConverter */ = {
			isa = PBXNativeTarget;
			buildConfigurationList = 6537A62A1A81C77300ADFDBB /* Build configuration list for PBXNativeTarget "DogYearsConverter" */;
			buildPhases = (
				6537A6071A81C77300ADFDBB /* Sources */,
				6537A6081A81C77300ADFDBB /* Frameworks */,
				6537A6091A81C77300ADFDBB /* Resources */,
			);
			buildRules = (
			);
			dependencies = (
			);
			name = DogYearsConverter;
			productName = DogYearsConverter;
			productReference = 6537A60B1A81C77300ADFDBB /* DogYearsConverter.app */;
			productType = "com.apple.product-type.application";
		};
		6537A61F1A81C77300ADFDBB /* DogYearsConverterTests */ = {
			isa = PBXNativeTarget;
			buildConfigurationList = 6537A62D1A81C77300ADFDBB /* Build configuration list for PBXNativeTarget "DogYearsConverterTests" */;
			buildPhases = (
				6537A61C1A81C77300ADFDBB /* Sources */,
				6537A61D1A81C77300ADFDBB /* Frameworks */,
				6537A61E1A81C77300ADFDBB /* Resources */,
			);
			buildRules = (
			);
			dependencies = (
				6537A6221A81C77300ADFDBB /* PBXTargetDependency */,
			);
			name = DogYearsConverterTests;
			productName = DogYearsConverterTests;
			productReference = 6537A6201A81C77300ADFDBB /* DogYearsConverterTests.xctest */;
			productType = "com.apple.product-type.bundle.unit-test";
		};
/* End PBXNativeTarget section */

/* Begin PBXProject section */
		6537A6031A81C77300ADFDBB /* Project object */ = {
			isa = PBXProject;
			attributes = {
				LastUpgradeCheck = 0610;
				ORGANIZATIONNAME = "Daniel Kwiatkowski";
				TargetAttributes = {
					6537A60A1A81C77300ADFDBB = {
						CreatedOnToolsVersion = 6.1.1;
					};
					6537A61F1A81C77300ADFDBB = {
						CreatedOnToolsVersion = 6.1.1;
						TestTargetID = 6537A60A1A81C77300ADFDBB;
					};
				};
			};
			buildConfigurationList = 6537A6061A81C77300ADFDBB /* Build configuration list for PBXProject "DogYearsConverter" */;
			compatibilityVersion = "Xcode 3.2";
			developmentRegion = English;
			hasScannedForEncodings = 0;
			knownRegions = (
				en,
				Base,
			);
			mainGroup = 6537A6021A81C77300ADFDBB;
			productRefGroup = 6537A60C1A81C77300ADFDBB /* Products */;
			projectDirPath = "";
			projectRoot = "";
			targets = (
				6537A60A1A81C77300ADFDBB /* DogYearsConverter */,
				6537A61F1A81C77300ADFDBB /* DogYearsConverterTests */,
			);
		};
/* End PBXProject section */

/* Begin PBXResourcesBuildPhase section */
		6537A6091A81C77300ADFDBB /* Resources */ = {
			isa = PBXResourcesBuildPhase;
			buildActionMask = 2147483647;
			files = (
				6537A6161A81C77300ADFDBB /* Main.storyboard in Resources */,
				6537A6311A81C82D00ADFDBB /* AgeOfLaika.jpg in Resources */,
				6537A61B1A81C77300ADFDBB /* LaunchScreen.xib in Resources */,
				6537A6181A81C77300ADFDBB /* Images.xcassets in Resources */,
			);
			runOnlyForDeploymentPostprocessing = 0;
		};
		6537A61E1A81C77300ADFDBB /* Resources */ = {
			isa = PBXResourcesBuildPhase;
			buildActionMask = 2147483647;
			files = (
			);
			runOnlyForDeploymentPostprocessing = 0;
		};
/* End PBXResourcesBuildPhase section */

/* Begin PBXSourcesBuildPhase section */
		6537A6071A81C77300ADFDBB /* Sources */ = {
			isa = PBXSourcesBuildPhase;
			buildActionMask = 2147483647;
			files = (
				6537A6131A81C77300ADFDBB /* ViewController.swift in Sources */,
				6537A6111A81C77300ADFDBB /* AppDelegate.swift in Sources */,
			);
			runOnlyForDeploymentPostprocessing = 0;
		};
		6537A61C1A81C77300ADFDBB /* Sources */ = {
			isa = PBXSourcesBuildPhase;
			buildActionMask = 2147483647;
			files = (
				6537A6271A81C77300ADFDBB /* DogYearsConverterTests.swift in Sources */,
			);
			runOnlyForDeploymentPostprocessing = 0;
		};
/* End PBXSourcesBuildPhase section */

/* Begin PBXTargetDependency section */
		6537A6221A81C77300ADFDBB /* PBXTargetDependency */ = {
			isa = PBXTargetDependency;
			target = 6537A60A1A81C77300ADFDBB /* DogYearsConverter */;
			targetProxy = 6537A6211A81C77300ADFDBB /* PBXContainerItemProxy */;
		};
/* End PBXTargetDependency section */

/* Begin PBXVariantGroup section */
		6537A6141A81C77300ADFDBB /* Main.storyboard */ = {
			isa = PBXVariantGroup;
			children = (
				6537A6151A81C77300ADFDBB /* Base */,
			);
			name = Main.storyboard;
			sourceTree = "<group>";
		};
		6537A6191A81C77300ADFDBB /* LaunchScreen.xib */ = {
			isa = PBXVariantGroup;
			children = (
				6537A61A1A81C77300ADFDBB /* Base */,
			);
			name = LaunchScreen.xib;
			sourceTree = "<group>";
		};
/* End PBXVariantGroup section */

/* Begin XCBuildConfiguration section */
		6537A6281A81C77300ADFDBB /* Debug */ = {
			isa = XCBuildConfiguration;
			buildSettings = {
				ALWAYS_SEARCH_USER_PATHS = NO;
				CLANG_CXX_LANGUAGE_STANDARD = "gnu++0x";
				CLANG_CXX_LIBRARY = "libc++";
				CLANG_ENABLE_MODULES = YES;
				CLANG_ENABLE_OBJC_ARC = YES;
				CLANG_WARN_BOOL_CONVERSION = YES;
				CLANG_WARN_CONSTANT_CONVERSION = YES;
				CLANG_WARN_DIRECT_OBJC_ISA_USAGE = YES_ERROR;
				CLANG_WARN_EMPTY_BODY = YES;
				CLANG_WARN_ENUM_CONVERSION = YES;
				CLANG_WARN_INT_CONVERSION = YES;
				CLANG_WARN_OBJC_ROOT_CLASS = YES_ERROR;
				CLANG_WARN_UNREACHABLE_CODE = YES;
				CLANG_WARN__DUPLICATE_METHOD_MATCH = YES;
				"CODE_SIGN_IDENTITY[sdk=iphoneos*]" = "iPhone Developer";
				COPY_PHASE_STRIP = NO;
				ENABLE_STRICT_OBJC_MSGSEND = YES;
				GCC_C_LANGUAGE_STANDARD = gnu99;
				GCC_DYNAMIC_NO_PIC = NO;
				GCC_OPTIMIZATION_LEVEL = 0;
				GCC_PREPROCESSOR_DEFINITIONS = (
					"DEBUG=1",
					"$(inherited)",
				);
				GCC_SYMBOLS_PRIVATE_EXTERN = NO;
				GCC_WARN_64_TO_32_BIT_CONVERSION = YES;
				GCC_WARN_ABOUT_RETURN_TYPE = YES_ERROR;
				GCC_WARN_UNDECLARED_SELECTOR = YES;
				GCC_WARN_UNINITIALIZED_AUTOS = YES_AGGRESSIVE;
				GCC_WARN_UNUSED_FUNCTION = YES;
				GCC_WARN_UNUSED_VARIABLE = YES;
				IPHONEOS_DEPLOYMENT_TARGET = 8.1;
				MTL_ENABLE_DEBUG_INFO = YES;
				ONLY_ACTIVE_ARCH = YES;
				SDKROOT = iphoneos;
				SWIFT_OPTIMIZATION_LEVEL = "-Onone";
				TARGETED_DEVICE_FAMILY = "1,2";
			};
			name = Debug;
		};
		6537A6291A81C77300ADFDBB /* Release */ = {
			isa = XCBuildConfiguration;
			buildSettings = {
				ALWAYS_SEARCH_USER_PATHS = NO;
				CLANG_CXX_LANGUAGE_STANDARD = "gnu++0x";
				CLANG_CXX_LIBRARY = "libc++";
				CLANG_ENABLE_MODULES = YES;
				CLANG_ENABLE_OBJC_ARC = YES;
				CLANG_WARN_BOOL_CONVERSION = YES;
				CLANG_WARN_CONSTANT_CONVERSION = YES;
				CLANG_WARN_DIRECT_OBJC_ISA_USAGE = YES_ERROR;
				CLANG_WARN_EMPTY_BODY = YES;
				CLANG_WARN_ENUM_CONVERSION = YES;
				CLANG_WARN_INT_CONVERSION = YES;
				CLANG_WARN_OBJC_ROOT_CLASS = YES_ERROR;
				CLANG_WARN_UNREACHABLE_CODE = YES;
				CLANG_WARN__DUPLICATE_METHOD_MATCH = YES;
				"CODE_SIGN_IDENTITY[sdk=iphoneos*]" = "iPhone Developer";
				COPY_PHASE_STRIP = YES;
				ENABLE_NS_ASSERTIONS = NO;
				ENABLE_STRICT_OBJC_MSGSEND = YES;
				GCC_C_LANGUAGE_STANDARD = gnu99;
				GCC_WARN_64_TO_32_BIT_CONVERSION = YES;
				GCC_WARN_ABOUT_RETURN_TYPE = YES_ERROR;
				GCC_WARN_UNDECLARED_SELECTOR = YES;
				GCC_WARN_UNINITIALIZED_AUTOS = YES_AGGRESSIVE;
				GCC_WARN_UNUSED_FUNCTION = YES;
				GCC_WARN_UNUSED_VARIABLE = YES;
				IPHONEOS_DEPLOYMENT_TARGET = 8.1;
				MTL_ENABLE_DEBUG_INFO = NO;
				SDKROOT = iphoneos;
				TARGETED_DEVICE_FAMILY = "1,2";
				VALIDATE_PRODUCT = YES;
			};
			name = Release;
		};
		6537A62B1A81C77300ADFDBB /* Debug */ = {
			isa = XCBuildConfiguration;
			buildSettings = {
				ASSETCATALOG_COMPILER_APPICON_NAME = AppIcon;
				INFOPLIST_FILE = DogYearsConverter/Info.plist;
				LD_RUNPATH_SEARCH_PATHS = "$(inherited) @executable_path/Frameworks";
				PRODUCT_NAME = "$(TARGET_NAME)";
			};
			name = Debug;
		};
		6537A62C1A81C77300ADFDBB /* Release */ = {
			isa = XCBuildConfiguration;
			buildSettings = {
				ASSETCATALOG_COMPILER_APPICON_NAME = AppIcon;
				INFOPLIST_FILE = DogYearsConverter/Info.plist;
				LD_RUNPATH_SEARCH_PATHS = "$(inherited) @executable_path/Frameworks";
				PRODUCT_NAME = "$(TARGET_NAME)";
			};
			name = Release;
		};
		6537A62E1A81C77300ADFDBB /* Debug */ = {
			isa = XCBuildConfiguration;
			buildSettings = {
				BUNDLE_LOADER = "$(TEST_HOST)";
				FRAMEWORK_SEARCH_PATHS = (
					"$(SDKROOT)/Developer/Library/Frameworks",
					"$(inherited)",
				);
				GCC_PREPROCESSOR_DEFINITIONS = (
					"DEBUG=1",
					"$(inherited)",
				);
				INFOPLIST_FILE = DogYearsConverterTests/Info.plist;
				LD_RUNPATH_SEARCH_PATHS = "$(inherited) @executable_path/Frameworks @loader_path/Frameworks";
				PRODUCT_NAME = "$(TARGET_NAME)";
				TEST_HOST = "$(BUILT_PRODUCTS_DIR)/DogYearsConverter.app/DogYearsConverter";
			};
			name = Debug;
		};
		6537A62F1A81C77300ADFDBB /* Release */ = {
			isa = XCBuildConfiguration;
			buildSettings = {
				BUNDLE_LOADER = "$(TEST_HOST)";
				FRAMEWORK_SEARCH_PATHS = (
					"$(SDKROOT)/Developer/Library/Frameworks",
					"$(inherited)",
				);
				INFOPLIST_FILE = DogYearsConverterTests/Info.plist;
				LD_RUNPATH_SEARCH_PATHS = "$(inherited) @executable_path/Frameworks @loader_path/Frameworks";
				PRODUCT_NAME = "$(TARGET_NAME)";
				TEST_HOST = "$(BUILT_PRODUCTS_DIR)/DogYearsConverter.app/DogYearsConverter";
			};
			name = Release;
		};
/* End XCBuildConfiguration section */

/* Begin XCConfigurationList section */
		6537A6061A81C77300ADFDBB /* Build configuration list for PBXProject "DogYearsConverter" */ = {
			isa = XCConfigurationList;
			buildConfigurations = (
				6537A6281A81C77300ADFDBB /* Debug */,
				6537A6291A81C77300ADFDBB /* Release */,
			);
			defaultConfigurationIsVisible = 0;
			defaultConfigurationName = Release;
		};
		6537A62A1A81C77300ADFDBB /* Build configuration list for PBXNativeTarget "DogYearsConverter" */ = {
			isa = XCConfigurationList;
			buildConfigurations = (
				6537A62B1A81C77300ADFDBB /* Debug */,
				6537A62C1A81C77300ADFDBB /* Release */,
			);
			defaultConfigurationIsVisible = 0;
		};
		6537A62D1A81C77300ADFDBB /* Build configuration list for PBXNativeTarget "DogYearsConverterTests" */ = {
			isa = XCConfigurationList;
			buildConfigurations = (
				6537A62E1A81C77300ADFDBB /* Debug */,
				6537A62F1A81C77300ADFDBB /* Release */,
			);
			defaultConfigurationIsVisible = 0;
		};
/* End XCConfigurationList section */
	};
	rootObject = 6537A6031A81C77300ADFDBB /* Project object */;
}
